
Microsoft Visual Studio Solution File, Format Version 12.00
Project("{FAE04EC0-301F-11D3-BF4B-00C04F79EFBC}") = "SistemaOrcamento.Api", "SistemaOrcamento.Api\SistemaOrcamento.Api.csproj", "{211CF38F-28E3-49F6-A560-9C18EF4BFB53}"
EndProject
Project("{FAE04EC0-301F-11D3-BF4B-00C04F79EFBC}") = "SistemaOrcamento.Core", "SistemaOrcamento.Core\SistemaOrcamento.Core.csproj", "{999C7BB8-8F15-4D75-80DD-DE90854506FF}"
EndProject
Global
	GlobalSection(SolutionConfigurationPlatforms) = preSolution
		Debug|Any CPU = Debug|Any CPU
		Release|Any CPU = Release|Any CPU
	EndGlobalSection
	GlobalSection(ProjectConfigurationPlatforms) = postSolution
		{211CF38F-28E3-49F6-A560-9C18EF4BFB53}.Debug|Any CPU.ActiveCfg = Debug|Any CPU
		{211CF38F-28E3-49F6-A560-9C18EF4BFB53}.Debug|Any CPU.Build.0 = Debug|Any CPU
		{211CF38F-28E3-49F6-A560-9C18EF4BFB53}.Release|Any CPU.ActiveCfg = Release|Any CPU
		{211CF38F-28E3-49F6-A560-9C18EF4BFB53}.Release|Any CPU.Build.0 = Release|Any CPU
		{999C7BB8-8F15-4D75-80DD-DE90854506FF}.Debug|Any CPU.ActiveCfg = Debug|Any CPU
		{999C7BB8-8F15-4D75-80DD-DE90854506FF}.Debug|Any CPU.Build.0 = Debug|Any CPU
		{999C7BB8-8F15-4D75-80DD-DE90854506FF}.Release|Any CPU.ActiveCfg = Release|Any CPU
		{999C7BB8-8F15-4D75-80DD-DE90854506FF}.Release|Any CPU.Build.0 = Release|Any CPU
	EndGlobalSection
EndGlobal
